
Microsoft Visual Studio Solution File, Format Version 12.00
# Visual Studio Version 16
VisualStudioVersion = 16.0.30621.155
MinimumVisualStudioVersion = 10.0.40219.1
Project("{FAE04EC0-301F-11D3-BF4B-00C04F79EFBC}") = "TesteNava.API", "src\TesteNava.API\TesteNava.API.csproj", "{E62B0E35-7097-4459-BBC9-32557206A1C4}"
EndProject
Project("{FAE04EC0-301F-11D3-BF4B-00C04F79EFBC}") = "TesteNava.Data", "src\TesteNava.Data\TesteNava.Data.csproj", "{CBB90BD0-D822-4A89-92B3-23C72DB6D8B5}"
EndProject
Project("{FAE04EC0-301F-11D3-BF4B-00C04F79EFBC}") = "TesteNava.Domain", "src\TesteNava.Domain\TesteNava.Domain.csproj", "{D1854622-9284-4148-BE18-8B92F8535D8E}"
EndProject
Global
	GlobalSection(SolutionConfigurationPlatforms) = preSolution
		Debug|Any CPU = Debug|Any CPU
		Release|Any CPU = Release|Any CPU
	EndGlobalSection
	GlobalSection(ProjectConfigurationPlatforms) = postSolution
		{E62B0E35-7097-4459-BBC9-32557206A1C4}.Debug|Any CPU.ActiveCfg = Debug|Any CPU
		{E62B0E35-7097-4459-BBC9-32557206A1C4}.Debug|Any CPU.Build.0 = Debug|Any CPU
		{E62B0E35-7097-4459-BBC9-32557206A1C4}.Release|Any CPU.ActiveCfg = Release|Any CPU
		{E62B0E35-7097-4459-BBC9-32557206A1C4}.Release|Any CPU.Build.0 = Release|Any CPU
		{CBB90BD0-D822-4A89-92B3-23C72DB6D8B5}.Debug|Any CPU.ActiveCfg = Debug|Any CPU
		{CBB90BD0-D822-4A89-92B3-23C72DB6D8B5}.Debug|Any CPU.Build.0 = Debug|Any CPU
		{CBB90BD0-D822-4A89-92B3-23C72DB6D8B5}.Release|Any CPU.ActiveCfg = Release|Any CPU
		{CBB90BD0-D822-4A89-92B3-23C72DB6D8B5}.Release|Any CPU.Build.0 = Release|Any CPU
		{D1854622-9284-4148-BE18-8B92F8535D8E}.Debug|Any CPU.ActiveCfg = Debug|Any CPU
		{D1854622-9284-4148-BE18-8B92F8535D8E}.Debug|Any CPU.Build.0 = Debug|Any CPU
		{D1854622-9284-4148-BE18-8B92F8535D8E}.Release|Any CPU.ActiveCfg = Release|Any CPU
		{D1854622-9284-4148-BE18-8B92F8535D8E}.Release|Any CPU.Build.0 = Release|Any CPU
	EndGlobalSection
	GlobalSection(SolutionProperties) = preSolution
		HideSolutionNode = FALSE
	EndGlobalSection
	GlobalSection(ExtensibilityGlobals) = postSolution
		SolutionGuid = {E7470380-C380-460A-9079-84EF69EDB32B}
	EndGlobalSection
EndGlobal
